
Microsoft Visual Studio Solution File, Format Version 12.00
Project("{FAE04EC0-301F-11D3-BF4B-00C04F79EFBC}") = "RFGM.Formats", "RFGM.Formats\RFGM.Formats.csproj", "{C8F3DBCF-D90B-4D37-BBA9-13E5947A5A0E}"
EndProject
Project("{FAE04EC0-301F-11D3-BF4B-00C04F79EFBC}") = "RFGM.Archiver", "RFGM.Archiver\RFGM.Archiver.csproj", "{DEA2C253-C865-4780-B4C9-193303602EB5}"
EndProject
Global
	GlobalSection(SolutionConfigurationPlatforms) = preSolution
		Debug|Any CPU = Debug|Any CPU
		Release|Any CPU = Release|Any CPU
	EndGlobalSection
	GlobalSection(ProjectConfigurationPlatforms) = postSolution
		{C8F3DBCF-D90B-4D37-BBA9-13E5947A5A0E}.Debug|Any CPU.ActiveCfg = Debug|Any CPU
		{C8F3DBCF-D90B-4D37-BBA9-13E5947A5A0E}.Debug|Any CPU.Build.0 = Debug|Any CPU
		{C8F3DBCF-D90B-4D37-BBA9-13E5947A5A0E}.Release|Any CPU.ActiveCfg = Release|Any CPU
		{C8F3DBCF-D90B-4D37-BBA9-13E5947A5A0E}.Release|Any CPU.Build.0 = Release|Any CPU
		{DEA2C253-C865-4780-B4C9-193303602EB5}.Debug|Any CPU.ActiveCfg = Debug|Any CPU
		{DEA2C253-C865-4780-B4C9-193303602EB5}.Debug|Any CPU.Build.0 = Debug|Any CPU
		{DEA2C253-C865-4780-B4C9-193303602EB5}.Release|Any CPU.ActiveCfg = Release|Any CPU
		{DEA2C253-C865-4780-B4C9-193303602EB5}.Release|Any CPU.Build.0 = Release|Any CPU
	EndGlobalSection
EndGlobal
